
Microsoft Visual Studio Solution File, Format Version 12.00
# Visual Studio 16
Project("{FAE04EC0-301F-11D3-BF4B-00C04F79EFBC}") = "Assembly-CSharp", "Assembly-CSharp.csproj", "{73BC67D1-755B-3BA4-1AB4-80AEDB2B580C}"
EndProject
Project("{FAE04EC0-301F-11D3-BF4B-00C04F79EFBC}") = "Assembly-CSharp-firstpass", "Assembly-CSharp-firstpass.csproj", "{89C969CF-8D72-94A3-8498-D2E765CC9F5E}"
EndProject
Project("{FAE04EC0-301F-11D3-BF4B-00C04F79EFBC}") = "Assembly-CSharp-Editor-firstpass", "Assembly-CSharp-Editor-firstpass.csproj", "{67C19BF5-AE95-40AB-C8BD-01DC15D3075E}"
EndProject
Global
	GlobalSection(SolutionConfigurationPlatforms) = preSolution
		Debug|Any CPU = Debug|Any CPU
		Release|Any CPU = Release|Any CPU
	EndGlobalSection
	GlobalSection(ProjectConfigurationPlatforms) = postSolution
		{73BC67D1-755B-3BA4-1AB4-80AEDB2B580C}.Debug|Any CPU.ActiveCfg = Debug|Any CPU
		{73BC67D1-755B-3BA4-1AB4-80AEDB2B580C}.Debug|Any CPU.Build.0 = Debug|Any CPU
		{73BC67D1-755B-3BA4-1AB4-80AEDB2B580C}.Release|Any CPU.ActiveCfg = Release|Any CPU
		{73BC67D1-755B-3BA4-1AB4-80AEDB2B580C}.Release|Any CPU.Build.0 = Release|Any CPU
		{89C969CF-8D72-94A3-8498-D2E765CC9F5E}.Debug|Any CPU.ActiveCfg = Debug|Any CPU
		{89C969CF-8D72-94A3-8498-D2E765CC9F5E}.Debug|Any CPU.Build.0 = Debug|Any CPU
		{89C969CF-8D72-94A3-8498-D2E765CC9F5E}.Release|Any CPU.ActiveCfg = Release|Any CPU
		{89C969CF-8D72-94A3-8498-D2E765CC9F5E}.Release|Any CPU.Build.0 = Release|Any CPU
		{67C19BF5-AE95-40AB-C8BD-01DC15D3075E}.Debug|Any CPU.ActiveCfg = Debug|Any CPU
		{67C19BF5-AE95-40AB-C8BD-01DC15D3075E}.Debug|Any CPU.Build.0 = Debug|Any CPU
		{67C19BF5-AE95-40AB-C8BD-01DC15D3075E}.Release|Any CPU.ActiveCfg = Release|Any CPU
		{67C19BF5-AE95-40AB-C8BD-01DC15D3075E}.Release|Any CPU.Build.0 = Release|Any CPU
	EndGlobalSection
	GlobalSection(SolutionProperties) = preSolution
		HideSolutionNode = FALSE
	EndGlobalSection
EndGlobal
